
Microsoft Visual Studio Solution File, Format Version 12.00
# Visual Studio Version 17
VisualStudioVersion = 17.14.36623.8 d17.14
MinimumVisualStudioVersion = 10.0.40219.1
Project("{FAE04EC0-301F-11D3-BF4B-00C04F79EFBC}") = "MonoGame Summitive", "MonoGame Summitive\MonoGame Summitive.csproj", "{5051E936-2493-4382-B58F-C0D1AB54FA30}"
EndProject
Global
	GlobalSection(SolutionConfigurationPlatforms) = preSolution
		Debug|Any CPU = Debug|Any CPU
		Release|Any CPU = Release|Any CPU
	EndGlobalSection
	GlobalSection(ProjectConfigurationPlatforms) = postSolution
		{5051E936-2493-4382-B58F-C0D1AB54FA30}.Debug|Any CPU.ActiveCfg = Debug|Any CPU
		{5051E936-2493-4382-B58F-C0D1AB54FA30}.Debug|Any CPU.Build.0 = Debug|Any CPU
		{5051E936-2493-4382-B58F-C0D1AB54FA30}.Release|Any CPU.ActiveCfg = Release|Any CPU
		{5051E936-2493-4382-B58F-C0D1AB54FA30}.Release|Any CPU.Build.0 = Release|Any CPU
	EndGlobalSection
	GlobalSection(SolutionProperties) = preSolution
		HideSolutionNode = FALSE
	EndGlobalSection
	GlobalSection(ExtensibilityGlobals) = postSolution
		SolutionGuid = {13BE53FF-917E-4614-B96D-37D405795309}
	EndGlobalSection
EndGlobal
